
Microsoft Visual Studio Solution File, Format Version 12.00
# Visual Studio Version 17
VisualStudioVersion = 17.8.34309.116
MinimumVisualStudioVersion = 10.0.40219.1
Project("{9A19103F-16F7-4668-BE54-9A1E7A4F7556}") = "RedisApp.API", "RedisApp.API\RedisApp.API.csproj", "{961C2339-CE2E-4972-B1B0-3C38AA0E3011}"
EndProject
Project("{FAE04EC0-301F-11D3-BF4B-00C04F79EFBC}") = "RedisApp.Cache", "RedisApp.Cache\RedisApp.Cache.csproj", "{FC2D478D-4D2D-4032-BC8A-3DC4CF825F00}"
EndProject
Global
	GlobalSection(SolutionConfigurationPlatforms) = preSolution
		Debug|Any CPU = Debug|Any CPU
		Release|Any CPU = Release|Any CPU
	EndGlobalSection
	GlobalSection(ProjectConfigurationPlatforms) = postSolution
		{961C2339-CE2E-4972-B1B0-3C38AA0E3011}.Debug|Any CPU.ActiveCfg = Debug|Any CPU
		{961C2339-CE2E-4972-B1B0-3C38AA0E3011}.Debug|Any CPU.Build.0 = Debug|Any CPU
		{961C2339-CE2E-4972-B1B0-3C38AA0E3011}.Release|Any CPU.ActiveCfg = Release|Any CPU
		{961C2339-CE2E-4972-B1B0-3C38AA0E3011}.Release|Any CPU.Build.0 = Release|Any CPU
		{FC2D478D-4D2D-4032-BC8A-3DC4CF825F00}.Debug|Any CPU.ActiveCfg = Debug|Any CPU
		{FC2D478D-4D2D-4032-BC8A-3DC4CF825F00}.Debug|Any CPU.Build.0 = Debug|Any CPU
		{FC2D478D-4D2D-4032-BC8A-3DC4CF825F00}.Release|Any CPU.ActiveCfg = Release|Any CPU
		{FC2D478D-4D2D-4032-BC8A-3DC4CF825F00}.Release|Any CPU.Build.0 = Release|Any CPU
	EndGlobalSection
	GlobalSection(SolutionProperties) = preSolution
		HideSolutionNode = FALSE
	EndGlobalSection
	GlobalSection(ExtensibilityGlobals) = postSolution
		SolutionGuid = {FC5FA01B-9955-4A89-970A-DA27910C9B92}
	EndGlobalSection
EndGlobal
